# THIS IS AN AUTOGENERATED FILE. DO NOT EDIT THIS FILE DIRECTLY.
# yarn lockfile v1


"@tiptap/core@^2.0.0-beta.138":
  version "2.0.0-beta.138"
  resolved "https://registry.yarnpkg.com/@tiptap/core/-/core-2.0.0-beta.138.tgz#3a73b32b10f07ba2842142552457b52abf8cfc41"
  integrity sha512-Cg3ig6c+NCBILYaVNf5h8vJdsRynhKzy+zQzH/91kLoWzpNV5J6R2sW32Oufuwvr0Kra1+kKKh/WIGpB3Ia4RA==
  dependencies:
    "@types/prosemirror-commands" "^1.0.4"
    "@types/prosemirror-keymap" "^1.0.4"
    "@types/prosemirror-model" "^1.13.2"
    "@types/prosemirror-schema-list" "^1.0.3"
    "@types/prosemirror-state" "^1.2.8"
    "@types/prosemirror-transform" "^1.1.4"
    "@types/prosemirror-view" "^1.19.1"
    prosemirror-commands "^1.1.12"
    prosemirror-keymap "^1.1.5"
    prosemirror-model "^1.15.0"
    prosemirror-schema-list "^1.1.6"
    prosemirror-state "^1.3.4"
    prosemirror-transform "^1.3.3"
    prosemirror-view "^1.22.0"

"@tiptap/extension-blockquote@^2.0.0-beta.24":
  version "2.0.0-beta.24"
  resolved "https://registry.yarnpkg.com/@tiptap/extension-blockquote/-/extension-blockquote-2.0.0-beta.24.tgz#4dcaf676ded8c3b551efd8f2d6b51cc882ba7d03"
  integrity sha512-u9D/ZOziO4rMBKeLj7JA7fOc9h8wU6zrzVEsX9MbJwmuicoJZ1lIQ9cyrFWwmlfznzuXLaAxm3iZuHt7xxMppQ==

"@tiptap/extension-bold@^2.0.0-beta.24":
  version "2.0.0-beta.24"
  resolved "https://registry.yarnpkg.com/@tiptap/extension-bold/-/extension-bold-2.0.0-beta.24.tgz#a8d1076922580db528cc6988fde08f731dcfe733"
  integrity sha512-2VTCtY2JI0wpDwWT0a2fMFkjbgxDpwD3wvtY3/ndh5pyNX0JQCXtJarFzfZZurWvLNQ8QPRRel73182RBYUOHQ==

"@tiptap/extension-bullet-list@^2.0.0-beta.23":
  version "2.0.0-beta.23"
  resolved "https://registry.yarnpkg.com/@tiptap/extension-bullet-list/-/extension-bullet-list-2.0.0-beta.23.tgz#64698c98039ad301c94a9041bbd117e82957be21"
  integrity sha512-ReoUiz9f1IX87RX+GRE+fCaLEzNNwmiP4kli3QH8/qrLK3qxvZYr9N31fUeOHecCctUofPSbQB79B39zSo9Ouw==

"@tiptap/extension-code-block-lowlight@^2.0.0-beta.55":
  version "2.0.0-beta.57"
  resolved "https://registry.yarnpkg.com/@tiptap/extension-code-block-lowlight/-/extension-code-block-lowlight-2.0.0-beta.57.tgz#afaa3a59da8d688f4f402d31ad6e5bea6ff87390"
  integrity sha512-HbUkhJkTiDusLX+qqaJsqCiTKpWR6LPWScKP/Sk7744EnjMmyiqbmNwyqSx538Z8GIS89TKj1vERLUAAAOGCIQ==
  dependencies:
    "@tiptap/extension-code-block" "^2.0.0-beta.29"
    "@types/lowlight" "^0.0.3"
    lowlight "^1.20.0"
    prosemirror-model "^1.15.0"
    prosemirror-state "^1.3.4"
    prosemirror-view "^1.23.1"

"@tiptap/extension-code-block@^2.0.0-beta.29":
  version "2.0.0-beta.29"
  resolved "https://registry.yarnpkg.com/@tiptap/extension-code-block/-/extension-code-block-2.0.0-beta.29.tgz#ad7f537bc1f12decf027d66c7328f36a8b07795c"
  integrity sha512-IoBJxqZ4F7dApRL3NisvMCBJmzpV0LmfJlFQacgm64Li15dP/QyDuvXpku03gT3y9e4f9Gv/KTKwJizXEVABhw==
  dependencies:
    prosemirror-state "^1.3.4"

"@tiptap/extension-code@^2.0.0-beta.25":
  version "2.0.0-beta.25"
  resolved "https://registry.yarnpkg.com/@tiptap/extension-code/-/extension-code-2.0.0-beta.25.tgz#055dc8dc6d19d3f0439f57dd8ba6433e2f2fd733"
  integrity sha512-kXBR4Zp79lpUEfqJtBGv9tO1mj9jFQLMj0iVhj8e8ZporNKei5JfDOY83kwFcKAE60i7tiRDtV3OizpAKMeqDg==

"@tiptap/extension-hard-break@^2.0.0-beta.30":
  version "2.0.0-beta.30"
  resolved "https://registry.yarnpkg.com/@tiptap/extension-hard-break/-/extension-hard-break-2.0.0-beta.30.tgz#165494f1194a7bad08907e6d64d349dd15851b72"
  integrity sha512-X9xj/S+CikrbIE7ccUFVwit5QHEbflnKVxod+4zPwr1cxogFbE9AyLZE2MpYdx3z9LcnTYYi9leBqFrP4T/Olw==

"@tiptap/extension-heading@^2.0.0-beta.23":
  version "2.0.0-beta.23"
  resolved "https://registry.yarnpkg.com/@tiptap/extension-heading/-/extension-heading-2.0.0-beta.23.tgz#8aafadc58a8d536b7f7885e4ff0f64d30908a868"
  integrity sha512-/WLymJjY+MMvee79rWHSKDBGVRw4dbBUMrFLqKLjQQBS1xS8+UW2TYzRrAH6HAH4Tc6WO39ZDbd9K9kc9wqPnA==

"@tiptap/extension-horizontal-rule@^2.0.0-beta.30":
  version "2.0.0-beta.30"
  resolved "https://registry.yarnpkg.com/@tiptap/extension-horizontal-rule/-/extension-horizontal-rule-2.0.0-beta.30.tgz#56d497f1187384d131f3f3320f30748c1e4b766f"
  integrity sha512-h/PlkvfcMuoBGRfD7Cbeh8mxZiEc2pKveLDwOfCES9TKV5i2lqcIgctpohWyISuFcTq4K+OFgr910+Rsp8qwEg==
  dependencies:
    prosemirror-state "^1.3.4"

"@tiptap/extension-image@^2.0.0-beta.24":
  version "2.0.0-beta.24"
  resolved "https://registry.yarnpkg.com/@tiptap/extension-image/-/extension-image-2.0.0-beta.24.tgz#1010676f79925cbe11a44b6d8eee1251910fbc1d"
  integrity sha512-7oiX/Ovj9WN4xTBqWbQWd4H3SUO2eNzOiKHebVo3eqWG8NxzOGfuU0iRCENtEa7vTiRrFgyeBotneMALDpDnTQ==

"@tiptap/extension-italic@^2.0.0-beta.24":
  version "2.0.0-beta.24"
  resolved "https://registry.yarnpkg.com/@tiptap/extension-italic/-/extension-italic-2.0.0-beta.24.tgz#0a08d06dbd8dbf10f18ed17f019aa42d7ac9dbe0"
  integrity sha512-pMAWFaLFb0Z0SC5pjoTKzC6m4CQOdUYeVlHvTS/550Z9lf8cqMawQ8H6Yk6brIuANyh7iUi4/zpq4H4rAdUCuw==

"@tiptap/extension-link@^2.0.0-beta.28":
  version "2.0.0-beta.28"
  resolved "https://registry.yarnpkg.com/@tiptap/extension-link/-/extension-link-2.0.0-beta.28.tgz#4385f36b6bb31fab34a86fb7c686ca05a37ed572"
  integrity sha512-dZNaEjoDhgjmts44KqgtOYObCdDYZq/yFhsZ8QfqEgNHJMvBNTDaPXwBDW9i3BTkkyLTmwR/qwWxqDrfDdKh2A==
  dependencies:
    linkifyjs "^3.0.3"
    prosemirror-state "^1.3.4"

"@tiptap/extension-list-item@^2.0.0-beta.19":
  version "2.0.0-beta.19"
  resolved "https://registry.yarnpkg.com/@tiptap/extension-list-item/-/extension-list-item-2.0.0-beta.19.tgz#657f2c5624a30f3effff723f4fadb0851a61dab8"
  integrity sha512-z/5NrRKwwJc2ZkgoGxRQmA/VENxQugZoxKhUu2qoUdg5cJRcW+ERoKTiY1/AR+4M2k1izNWQMIz3nQNWMx1kQA==

"@tiptap/extension-ordered-list@^2.0.0-beta.24":
  version "2.0.0-beta.24"
  resolved "https://registry.yarnpkg.com/@tiptap/extension-ordered-list/-/extension-ordered-list-2.0.0-beta.24.tgz#69c56e2cfbf582b338d5dbc94c5eda4593775cb5"
  integrity sha512-pXgwV+vuBAHMBGnUPa8fjxHapGCitfBJ1k8o3XvhotO7243Y7KOfYT7kg6XrY6dmTwCX2WLkIc912PP/E60y3A==

"@tiptap/extension-paragraph@^2.0.0-beta.22":
  version "2.0.0-beta.22"
  resolved "https://registry.yarnpkg.com/@tiptap/extension-paragraph/-/extension-paragraph-2.0.0-beta.22.tgz#7740fb6393296ec58e98332b2855ebdc3fd05226"
  integrity sha512-BY6GWHlMvGiXLgPHcfZRUHKzMi1jKw3i1JrpMEQ8JLwYD3koI/6UOB/qphwUJkCkIPQXNkZw4/aSBxL9uChRDg==

"@tiptap/extension-text@^2.0.0-beta.15":
  version "2.0.0-beta.15"
  resolved "https://registry.yarnpkg.com/@tiptap/extension-text/-/extension-text-2.0.0-beta.15.tgz#f08cff1b78f1c6996464dfba1fef8ec1e107617f"
  integrity sha512-S3j2+HyV2gsXZP8Wg/HA+YVXQsZ3nrXgBM9HmGAxB0ESOO50l7LWfip0f3qcw1oRlh5H3iLPkA6/f7clD2/TFA==

"@types/lowlight@^0.0.3":
  version "0.0.3"
  resolved "https://registry.yarnpkg.com/@types/lowlight/-/lowlight-0.0.3.tgz#433b03dd63894dde17860063f4c90a688431194b"
  integrity sha512-R83q/yPX2nIlo9D3WtSjyUDd57t8s+GVLaL8YIv3k7zMMWpYpOXqjJgrWp80qXUJB/a1t76nTyBpxrv0JNYaEg==

"@types/orderedmap@*":
  version "1.0.0"
  resolved "https://registry.yarnpkg.com/@types/orderedmap/-/orderedmap-1.0.0.tgz#807455a192bba52cbbb4517044bc82bdbfa8c596"
  integrity sha512-dxKo80TqYx3YtBipHwA/SdFmMMyLCnP+5mkEqN0eMjcTBzHkiiX0ES118DsjDBjvD+zeSsSU9jULTZ+frog+Gw==

"@types/prosemirror-commands@*", "@types/prosemirror-commands@^1.0.4":
  version "1.0.4"
  resolved "https://registry.yarnpkg.com/@types/prosemirror-commands/-/prosemirror-commands-1.0.4.tgz#d08551415127d93ae62e7239d30db0b5e7208e22"
  integrity sha512-utDNYB3EXLjAfYIcRWJe6pn3kcQ5kG4RijbT/0Y/TFOm6yhvYS/D9eJVnijdg9LDjykapcezchxGRqFD5LcyaQ==
  dependencies:
    "@types/prosemirror-model" "*"
    "@types/prosemirror-state" "*"
    "@types/prosemirror-view" "*"

"@types/prosemirror-keymap@^1.0.4":
  version "1.0.4"
  resolved "https://registry.yarnpkg.com/@types/prosemirror-keymap/-/prosemirror-keymap-1.0.4.tgz#f73c79810e8d0e0a20d153d84f998f02e5afbc0c"
  integrity sha512-ycevwkqUh+jEQtPwqO7sWGcm+Sybmhu8MpBsM8DlO3+YTKnXbKA6SDz/+q14q1wK3UA8lHJyfR+v+GPxfUSemg==
  dependencies:
    "@types/prosemirror-commands" "*"
    "@types/prosemirror-model" "*"
    "@types/prosemirror-state" "*"
    "@types/prosemirror-view" "*"

"@types/prosemirror-model@*", "@types/prosemirror-model@^1.13.2":
  version "1.13.2"
  resolved "https://registry.yarnpkg.com/@types/prosemirror-model/-/prosemirror-model-1.13.2.tgz#2adad3ec478f83204f155d7fb94c9dfde2fc3296"
  integrity sha512-a2rDB0aZ+7aIP7uBqQq1wLb4Hg4qqEvpkCqvhsgT/gG8IWC0peCAZfQ24sgTco0qSJLeDgIbtPeU6mgr869/kg==
  dependencies:
    "@types/orderedmap" "*"

"@types/prosemirror-schema-list@^1.0.3":
  version "1.0.3"
  resolved "https://registry.yarnpkg.com/@types/prosemirror-schema-list/-/prosemirror-schema-list-1.0.3.tgz#bdf1893a7915fbdc5c49b3cac9368e96213d70de"
  integrity sha512-uWybOf+M2Ea7rlbs0yLsS4YJYNGXYtn4N+w8HCw3Vvfl6wBAROzlMt0gV/D/VW/7J/LlAjwMezuGe8xi24HzXA==
  dependencies:
    "@types/orderedmap" "*"
    "@types/prosemirror-model" "*"
    "@types/prosemirror-state" "*"

"@types/prosemirror-state@*", "@types/prosemirror-state@^1.2.8":
  version "1.2.8"
  resolved "https://registry.yarnpkg.com/@types/prosemirror-state/-/prosemirror-state-1.2.8.tgz#65080eeec52f63c50bf7034377f07773b4f6b2ac"
  integrity sha512-mq9uyQWcpu8jeamO6Callrdvf/e1H/aRLR2kZWSpZrPHctEsxWHBbluD/wqVjXBRIOoMHLf6ZvOkrkmGLoCHVA==
  dependencies:
    "@types/prosemirror-model" "*"
    "@types/prosemirror-transform" "*"
    "@types/prosemirror-view" "*"

"@types/prosemirror-transform@*", "@types/prosemirror-transform@^1.1.4":
  version "1.1.4"
  resolved "https://registry.yarnpkg.com/@types/prosemirror-transform/-/prosemirror-transform-1.1.4.tgz#c3565e81b2ef3ce3254e6927d6f63eb8d7bb20d0"
  integrity sha512-HP1PauvkqSgDquZut8HaLOTUDQ6jja/LAy4OA7tTS1XG7wqRnX3gLUyEj0mD6vFd4y8BPkNddNdOh/BeGHlUjg==
  dependencies:
    "@types/prosemirror-model" "*"

"@types/prosemirror-view@*", "@types/prosemirror-view@^1.19.1":
  version "1.19.1"
  resolved "https://registry.yarnpkg.com/@types/prosemirror-view/-/prosemirror-view-1.19.1.tgz#f12309ef07dfb701d20c2e4d0292d42ba34a081b"
  integrity sha512-fyQ4NVxAdfISWrE2qT8cpZdosXoH/1JuVYMBs9CdaXPbvi/8R2L2tkkcMRM314piKrO8nfYH5OBZKzP2Ax3jtA==
  dependencies:
    "@types/prosemirror-model" "*"
    "@types/prosemirror-state" "*"
    "@types/prosemirror-transform" "*"

fault@^1.0.0:
  version "1.0.4"
  resolved "https://registry.yarnpkg.com/fault/-/fault-1.0.4.tgz#eafcfc0a6d214fc94601e170df29954a4f842f13"
  integrity sha512-CJ0HCB5tL5fYTEA7ToAq5+kTwd++Borf1/bifxd9iT70QcXr4MRrO3Llf8Ifs70q+SJcGHFtnIE/Nw6giCtECA==
  dependencies:
    format "^0.2.0"

format@^0.2.0:
  version "0.2.2"
  resolved "https://registry.yarnpkg.com/format/-/format-0.2.2.tgz#d6170107e9efdc4ed30c9dc39016df942b5cb58b"
  integrity sha1-1hcBB+nv3E7TDJ3DkBbflCtctYs=

highlight.js@~10.7.0:
  version "10.7.3"
  resolved "https://registry.yarnpkg.com/highlight.js/-/highlight.js-10.7.3.tgz#697272e3991356e40c3cac566a74eef681756531"
  integrity sha512-tzcUFauisWKNHaRkN4Wjl/ZA07gENAjFl3J/c480dprkGTg5EQstgaNFqBfUqCq54kZRIEcreTsAgF/m2quD7A==

linkifyjs@^3.0.3:
  version "3.0.3"
  resolved "https://registry.yarnpkg.com/linkifyjs/-/linkifyjs-3.0.3.tgz#51ea2160b4c60c2c87c27757a1e9eacd422c6076"
  integrity sha512-ba5opS5wRHSbDC8VaiDdN14nPGm6LqyRsIPQZGG4qXV4scFdrPneT/uoZOaq9QAPBf6W9I9D/6tNSzWH//815Q==

lowlight@^1.20.0:
  version "1.20.0"
  resolved "https://registry.yarnpkg.com/lowlight/-/lowlight-1.20.0.tgz#ddb197d33462ad0d93bf19d17b6c301aa3941888"
  integrity sha512-8Ktj+prEb1RoCPkEOrPMYUN/nCggB7qAWe3a7OpMjWQkh3l2RD5wKRQ+o8Q8YuI9RG/xs95waaI/E6ym/7NsTw==
  dependencies:
    fault "^1.0.0"
    highlight.js "~10.7.0"

orderedmap@^1.1.0:
  version "1.1.1"
  resolved "https://registry.yarnpkg.com/orderedmap/-/orderedmap-1.1.1.tgz#c618e77611b3b21d0fe3edc92586265e0059c789"
  integrity sha512-3Ux8um0zXbVacKUkcytc0u3HgC0b0bBLT+I60r2J/En72cI0nZffqrA7Xtf2Hqs27j1g82llR5Mhbd0Z1XW4AQ==

prosemirror-commands@^1.1.12:
  version "1.1.12"
  resolved "https://registry.yarnpkg.com/prosemirror-commands/-/prosemirror-commands-1.1.12.tgz#5cb0fef4e5a0039e2fa19b42a5626af03d7c2ec3"
  integrity sha512-+CrMs3w/ZVPSkR+REg8KL/clyFLv/1+SgY/OMN+CB22Z24j9TZDje72vL36lOZ/E4NeRXuiCcmENcW/vAcG67A==
  dependencies:
    prosemirror-model "^1.0.0"
    prosemirror-state "^1.0.0"
    prosemirror-transform "^1.0.0"

prosemirror-keymap@^1.1.5:
  version "1.1.5"
  resolved "https://registry.yarnpkg.com/prosemirror-keymap/-/prosemirror-keymap-1.1.5.tgz#b5984c7d30f5c75956c853126c54e9e624c0327b"
  integrity sha512-8SZgPH3K+GLsHL2wKuwBD9rxhsbnVBTwpHCO4VUO5GmqUQlxd/2GtBVWTsyLq4Dp3N9nGgPd3+lZFKUDuVp+Vw==
  dependencies:
    prosemirror-state "^1.0.0"
    w3c-keyname "^2.2.0"

prosemirror-model@^1.0.0, prosemirror-model@^1.14.3, prosemirror-model@^1.15.0:
  version "1.15.0"
  resolved "https://registry.yarnpkg.com/prosemirror-model/-/prosemirror-model-1.15.0.tgz#23bc09098daa7c309dba90a76a1b989ce6f61405"
  integrity sha512-hQJv7SnIhlAy9ga3lhPPgaufhvCbQB9tHwscJ9E1H1pPHmN8w5V/lURueoYv9Kc3/bpNWoyHa8r3g//m7N0ChQ==
  dependencies:
    orderedmap "^1.1.0"

prosemirror-schema-list@^1.1.6:
  version "1.1.6"
  resolved "https://registry.yarnpkg.com/prosemirror-schema-list/-/prosemirror-schema-list-1.1.6.tgz#c3e13fe2f74750e4a53ff88d798dc0c4ccca6707"
  integrity sha512-aFGEdaCWmJzouZ8DwedmvSsL50JpRkqhQ6tcpThwJONVVmCgI36LJHtoQ4VGZbusMavaBhXXr33zyD2IVsTlkw==
  dependencies:
    prosemirror-model "^1.0.0"
    prosemirror-transform "^1.0.0"

prosemirror-state@^1.0.0, prosemirror-state@^1.3.4:
  version "1.3.4"
  resolved "https://registry.yarnpkg.com/prosemirror-state/-/prosemirror-state-1.3.4.tgz#4c6b52628216e753fc901c6d2bfd84ce109e8952"
  integrity sha512-Xkkrpd1y/TQ6HKzN3agsQIGRcLckUMA9u3j207L04mt8ToRgpGeyhbVv0HI7omDORIBHjR29b7AwlATFFf2GLA==
  dependencies:
    prosemirror-model "^1.0.0"
    prosemirror-transform "^1.0.0"

prosemirror-transform@^1.0.0, prosemirror-transform@^1.1.0, prosemirror-transform@^1.3.3:
  version "1.3.3"
  resolved "https://registry.yarnpkg.com/prosemirror-transform/-/prosemirror-transform-1.3.3.tgz#5f6712b0577a119cc418686fe7588b6dd9b7464d"
  integrity sha512-9NLVXy1Sfa2G6qPqhWMkEvwQQMTw7OyTqOZbJaGQWsCeH3hH5Cw+c5eNaLM1Uu75EyKLsEZhJ93XpHJBa6RX8A==
  dependencies:
    prosemirror-model "^1.0.0"

prosemirror-view@^1.22.0:
  version "1.23.0"
  resolved "https://registry.yarnpkg.com/prosemirror-view/-/prosemirror-view-1.23.0.tgz#07f5539006ad4cba46eea81d78f1a892536858ac"
  integrity sha512-lQlaOZqHa6+igCryOIaH7gMJKT8Jbi2w99NFiE6BEUrlhakI2OU5uUeqpHk5S5ejddwv7BEtFyGCMl3SPjak7A==
  dependencies:
    prosemirror-model "^1.14.3"
    prosemirror-state "^1.0.0"
    prosemirror-transform "^1.1.0"

prosemirror-view@^1.23.1:
  version "1.23.2"
  resolved "https://registry.yarnpkg.com/prosemirror-view/-/prosemirror-view-1.23.2.tgz#20606ab3faad8a6a5320182256e92a2b96a87d31"
  integrity sha512-iPgRw6tpcN+KH1yKmSnRmDKsJBVkWLFP6laHcz9rh/n0Ndz7YKKCDldtw6FhHBYoWmZeubbhV/rrQW0VCDG9iw==
  dependencies:
    prosemirror-model "^1.14.3"
    prosemirror-state "^1.0.0"
    prosemirror-transform "^1.1.0"

typescript@^4.4.4:
  version "4.4.4"
  resolved "https://registry.yarnpkg.com/typescript/-/typescript-4.4.4.tgz#2cd01a1a1f160704d3101fd5a58ff0f9fcb8030c"
  integrity sha512-DqGhF5IKoBl8WNf8C1gu8q0xZSInh9j1kJJMqT3a94w1JzVaBU4EXOSMrz9yDqMT0xt3selp83fuFMQ0uzv6qA==

w3c-keyname@^2.2.0:
  version "2.2.4"
  resolved "https://registry.yarnpkg.com/w3c-keyname/-/w3c-keyname-2.2.4.tgz#4ade6916f6290224cdbd1db8ac49eab03d0eef6b"
  integrity sha512-tOhfEwEzFLJzf6d1ZPkYfGj+FWhIpBux9ppoP3rlclw3Z0BZv3N7b7030Z1kYth+6rDuAsXUFr+d0VE6Ed1ikw==
